
Microsoft Visual Studio Solution File, Format Version 12.00
# Visual Studio Version 17
VisualStudioVersion = 17.14.36623.8 d17.14
MinimumVisualStudioVersion = 10.0.40219.1
Project("{FAE04EC0-301F-11D3-BF4B-00C04F79EFBC}") = "SmartPDFReader", "SmartPDFReader\SmartPDFReader.csproj", "{19B0A7EC-61F2-4193-979E-4B9157B5768A}"
EndProject
Global
	GlobalSection(SolutionConfigurationPlatforms) = preSolution
		Debug|Any CPU = Debug|Any CPU
		Release|Any CPU = Release|Any CPU
	EndGlobalSection
	GlobalSection(ProjectConfigurationPlatforms) = postSolution
		{19B0A7EC-61F2-4193-979E-4B9157B5768A}.Debug|Any CPU.ActiveCfg = Debug|Any CPU
		{19B0A7EC-61F2-4193-979E-4B9157B5768A}.Debug|Any CPU.Build.0 = Debug|Any CPU
		{19B0A7EC-61F2-4193-979E-4B9157B5768A}.Release|Any CPU.ActiveCfg = Release|Any CPU
		{19B0A7EC-61F2-4193-979E-4B9157B5768A}.Release|Any CPU.Build.0 = Release|Any CPU
	EndGlobalSection
	GlobalSection(SolutionProperties) = preSolution
		HideSolutionNode = FALSE
	EndGlobalSection
	GlobalSection(ExtensibilityGlobals) = postSolution
		SolutionGuid = {EF8171F1-0F7F-4144-8C2F-A8E3AC8B1847}
	EndGlobalSection
EndGlobal
